
Microsoft Visual Studio Solution File, Format Version 12.00
# Visual Studio Version 16
VisualStudioVersion = 16.0.30717.126
MinimumVisualStudioVersion = 10.0.40219.1
Project("{9A19103F-16F7-4668-BE54-9A1E7A4F7556}") = "KekaForum", "KekaForum\KekaForum.csproj", "{34BB2D6A-0D8F-42F7-A5DA-1F6DBEA3B50E}"
EndProject
Project("{FAE04EC0-301F-11D3-BF4B-00C04F79EFBC}") = "KekaForum.Models", "KekaForum.Models\KekaForum.Models.csproj", "{737EC75A-FD41-45B5-8394-56EB86987035}"
EndProject
Project("{FAE04EC0-301F-11D3-BF4B-00C04F79EFBC}") = "KekaForum.Services", "KekaForum.Services\KekaForum.Services.csproj", "{FBE56D06-3B0F-4299-96DC-A2A808DC974B}"
EndProject
Global
	GlobalSection(SolutionConfigurationPlatforms) = preSolution
		Debug|Any CPU = Debug|Any CPU
		Release|Any CPU = Release|Any CPU
	EndGlobalSection
	GlobalSection(ProjectConfigurationPlatforms) = postSolution
		{34BB2D6A-0D8F-42F7-A5DA-1F6DBEA3B50E}.Debug|Any CPU.ActiveCfg = Debug|Any CPU
		{34BB2D6A-0D8F-42F7-A5DA-1F6DBEA3B50E}.Debug|Any CPU.Build.0 = Debug|Any CPU
		{34BB2D6A-0D8F-42F7-A5DA-1F6DBEA3B50E}.Release|Any CPU.ActiveCfg = Release|Any CPU
		{34BB2D6A-0D8F-42F7-A5DA-1F6DBEA3B50E}.Release|Any CPU.Build.0 = Release|Any CPU
		{737EC75A-FD41-45B5-8394-56EB86987035}.Debug|Any CPU.ActiveCfg = Debug|Any CPU
		{737EC75A-FD41-45B5-8394-56EB86987035}.Debug|Any CPU.Build.0 = Debug|Any CPU
		{737EC75A-FD41-45B5-8394-56EB86987035}.Release|Any CPU.ActiveCfg = Release|Any CPU
		{737EC75A-FD41-45B5-8394-56EB86987035}.Release|Any CPU.Build.0 = Release|Any CPU
		{FBE56D06-3B0F-4299-96DC-A2A808DC974B}.Debug|Any CPU.ActiveCfg = Debug|Any CPU
		{FBE56D06-3B0F-4299-96DC-A2A808DC974B}.Debug|Any CPU.Build.0 = Debug|Any CPU
		{FBE56D06-3B0F-4299-96DC-A2A808DC974B}.Release|Any CPU.ActiveCfg = Release|Any CPU
		{FBE56D06-3B0F-4299-96DC-A2A808DC974B}.Release|Any CPU.Build.0 = Release|Any CPU
	EndGlobalSection
	GlobalSection(SolutionProperties) = preSolution
		HideSolutionNode = FALSE
	EndGlobalSection
	GlobalSection(ExtensibilityGlobals) = postSolution
		SolutionGuid = {52447333-D57F-414A-AB63-AD8F14028638}
	EndGlobalSection
EndGlobal
